
Microsoft Visual Studio Solution File, Format Version 12.00
# Visual Studio Version 17
VisualStudioVersion = 17.0.31903.59
MinimumVisualStudioVersion = 10.0.40219.1
Project("{FAE04EC0-301F-11D3-BF4B-00C04F79EFBC}") = "EaxmBuilder.App", "src\EaxmBuilder.App\EaxmBuilder.App.csproj", "{8D6FD1EE-5F66-49D2-B27B-832F184A4867}"
EndProject
Project("{FAE04EC0-301F-11D3-BF4B-00C04F79EFBC}") = "EaxmBuilder.SmokeTests", "tests\EaxmBuilder.SmokeTests\EaxmBuilder.SmokeTests.csproj", "{EC2A54E8-7DD0-43EE-8B73-72BFB18D7113}"
EndProject
Global
	GlobalSection(SolutionConfigurationPlatforms) = preSolution
		Debug|Any CPU = Debug|Any CPU
		Release|Any CPU = Release|Any CPU
	EndGlobalSection
	GlobalSection(ProjectConfigurationPlatforms) = postSolution
		{8D6FD1EE-5F66-49D2-B27B-832F184A4867}.Debug|Any CPU.ActiveCfg = Debug|Any CPU
		{8D6FD1EE-5F66-49D2-B27B-832F184A4867}.Debug|Any CPU.Build.0 = Debug|Any CPU
		{8D6FD1EE-5F66-49D2-B27B-832F184A4867}.Release|Any CPU.ActiveCfg = Release|Any CPU
		{8D6FD1EE-5F66-49D2-B27B-832F184A4867}.Release|Any CPU.Build.0 = Release|Any CPU
		{EC2A54E8-7DD0-43EE-8B73-72BFB18D7113}.Debug|Any CPU.ActiveCfg = Debug|Any CPU
		{EC2A54E8-7DD0-43EE-8B73-72BFB18D7113}.Debug|Any CPU.Build.0 = Debug|Any CPU
		{EC2A54E8-7DD0-43EE-8B73-72BFB18D7113}.Release|Any CPU.ActiveCfg = Release|Any CPU
		{EC2A54E8-7DD0-43EE-8B73-72BFB18D7113}.Release|Any CPU.Build.0 = Release|Any CPU
	EndGlobalSection
EndGlobal
